// !$*UTF8*$!
{
	archiveVersion = 1;
	classes = {
	};
	objectVersion = 56;
	objects = {

/* Begin PBXBuildFile section */
		6E8E83292918F0E900FCE880 /* PageRoute.swift in Sources */ = {isa = PBXBuildFile; fileRef = 6E8E83282918F0E900FCE880 /* PageRoute.swift */; };
		6E954889290EF87600EF8C27 /* OmnilsAppApp.swift in Sources */ = {isa = PBXBuildFile; fileRef = 6E954888290EF87600EF8C27 /* OmnilsAppApp.swift */; };
		6E95488B290EF87600EF8C27 /* ContentView.swift in Sources */ = {isa = PBXBuildFile; fileRef = 6E95488A290EF87600EF8C27 /* ContentView.swift */; };
		6E95488D290EF87700EF8C27 /* Assets.xcassets in Resources */ = {isa = PBXBuildFile; fileRef = 6E95488C290EF87700EF8C27 /* Assets.xcassets */; };
		6E954890290EF87700EF8C27 /* Preview Assets.xcassets in Resources */ = {isa = PBXBuildFile; fileRef = 6E95488F290EF87700EF8C27 /* Preview Assets.xcassets */; };
		6E954899290F046E00EF8C27 /* GoogleService-Info.plist in Resources */ = {isa = PBXBuildFile; fileRef = 6E954898290F046D00EF8C27 /* GoogleService-Info.plist */; };
		6E95489C290F061600EF8C27 /* FirebaseAuth in Frameworks */ = {isa = PBXBuildFile; productRef = 6E95489B290F061600EF8C27 /* FirebaseAuth */; };
		6E95489E290F061600EF8C27 /* FirebaseFirestore in Frameworks */ = {isa = PBXBuildFile; productRef = 6E95489D290F061600EF8C27 /* FirebaseFirestore */; };
		6E9548A2291120C100EF8C27 /* SignUpView.swift in Sources */ = {isa = PBXBuildFile; fileRef = 6E9548A1291120C100EF8C27 /* SignUpView.swift */; };
		6E9548A4291120EA00EF8C27 /* HomePageView.swift in Sources */ = {isa = PBXBuildFile; fileRef = 6E9548A3291120EA00EF8C27 /* HomePageView.swift */; };
		6E9548A62911210700EF8C27 /* TimeTableView.swift in Sources */ = {isa = PBXBuildFile; fileRef = 6E9548A52911210700EF8C27 /* TimeTableView.swift */; };
		6E9548A82911212F00EF8C27 /* AddTimeTableView.swift in Sources */ = {isa = PBXBuildFile; fileRef = 6E9548A72911212F00EF8C27 /* AddTimeTableView.swift */; };
		6E9548AE2911238200EF8C27 /* SignInView.swift in Sources */ = {isa = PBXBuildFile; fileRef = 6E9548AD2911238200EF8C27 /* SignInView.swift */; };
/* End PBXBuildFile section */

/* Begin PBXFileReference section */
		6E8E83282918F0E900FCE880 /* PageRoute.swift */ = {isa = PBXFileReference; lastKnownFileType = sourcecode.swift; path = PageRoute.swift; sourceTree = "<group>"; };
		6E954885290EF87600EF8C27 /* OmnilsApp.app */ = {isa = PBXFileReference; explicitFileType = wrapper.application; includeInIndex = 0; path = OmnilsApp.app; sourceTree = BUILT_PRODUCTS_DIR; };
		6E954888290EF87600EF8C27 /* OmnilsAppApp.swift */ = {isa = PBXFileReference; lastKnownFileType = sourcecode.swift; path = OmnilsAppApp.swift; sourceTree = "<group>"; };
		6E95488A290EF87600EF8C27 /* ContentView.swift */ = {isa = PBXFileReference; lastKnownFileType = sourcecode.swift; path = ContentView.swift; sourceTree = "<group>"; };
		6E95488C290EF87700EF8C27 /* Assets.xcassets */ = {isa = PBXFileReference; lastKnownFileType = folder.assetcatalog; path = Assets.xcassets; sourceTree = "<group>"; };
		6E95488F290EF87700EF8C27 /* Preview Assets.xcassets */ = {isa = PBXFileReference; lastKnownFileType = folder.assetcatalog; path = "Preview Assets.xcassets"; sourceTree = "<group>"; };
		6E954898290F046D00EF8C27 /* GoogleService-Info.plist */ = {isa = PBXFileReference; fileEncoding = 4; lastKnownFileType = text.plist.xml; path = "GoogleService-Info.plist"; sourceTree = "<group>"; };
		6E9548A1291120C100EF8C27 /* SignUpView.swift */ = {isa = PBXFileReference; lastKnownFileType = sourcecode.swift; path = SignUpView.swift; sourceTree = "<group>"; };
		6E9548A3291120EA00EF8C27 /* HomePageView.swift */ = {isa = PBXFileReference; lastKnownFileType = sourcecode.swift; path = HomePageView.swift; sourceTree = "<group>"; };
		6E9548A52911210700EF8C27 /* TimeTableView.swift */ = {isa = PBXFileReference; lastKnownFileType = sourcecode.swift; path = TimeTableView.swift; sourceTree = "<group>"; };
		6E9548A72911212F00EF8C27 /* AddTimeTableView.swift */ = {isa = PBXFileReference; lastKnownFileType = sourcecode.swift; path = AddTimeTableView.swift; sourceTree = "<group>"; };
		6E9548AD2911238200EF8C27 /* SignInView.swift */ = {isa = PBXFileReference; lastKnownFileType = sourcecode.swift; path = SignInView.swift; sourceTree = "<group>"; };
/* End PBXFileReference section */

/* Begin PBXFrameworksBuildPhase section */
		6E954882290EF87600EF8C27 /* Frameworks */ = {
			isa = PBXFrameworksBuildPhase;
			buildActionMask = 2147483647;
			files = (
				6E95489C290F061600EF8C27 /* FirebaseAuth in Frameworks */,
				6E95489E290F061600EF8C27 /* FirebaseFirestore in Frameworks */,
			);
			runOnlyForDeploymentPostprocessing = 0;
		};
/* End PBXFrameworksBuildPhase section */

/* Begin PBXGroup section */
		6E8E83272918F07900FCE880 /* Utilities */ = {
			isa = PBXGroup;
			children = (
				6E8E83282918F0E900FCE880 /* PageRoute.swift */,
			);
			path = Utilities;
			sourceTree = "<group>";
		};
		6E95487C290EF87600EF8C27 = {
			isa = PBXGroup;
			children = (
				6E954887290EF87600EF8C27 /* OmnilsApp */,
				6E954886290EF87600EF8C27 /* Products */,
			);
			sourceTree = "<group>";
		};
		6E954886290EF87600EF8C27 /* Products */ = {
			isa = PBXGroup;
			children = (
				6E954885290EF87600EF8C27 /* OmnilsApp.app */,
			);
			name = Products;
			sourceTree = "<group>";
		};
		6E954887290EF87600EF8C27 /* OmnilsApp */ = {
			isa = PBXGroup;
			children = (
				6E8E83272918F07900FCE880 /* Utilities */,
				6E954888290EF87600EF8C27 /* OmnilsAppApp.swift */,
				6E95488A290EF87600EF8C27 /* ContentView.swift */,
				6E954898290F046D00EF8C27 /* GoogleService-Info.plist */,
				6E95488C290EF87700EF8C27 /* Assets.xcassets */,
				6E95488E290EF87700EF8C27 /* Preview Content */,
				6E9548AA291121DB00EF8C27 /* View */,
			);
			path = OmnilsApp;
			sourceTree = "<group>";
		};
		6E95488E290EF87700EF8C27 /* Preview Content */ = {
			isa = PBXGroup;
			children = (
				6E95488F290EF87700EF8C27 /* Preview Assets.xcassets */,
			);
			path = "Preview Content";
			sourceTree = "<group>";
		};
		6E9548AA291121DB00EF8C27 /* View */ = {
			isa = PBXGroup;
			children = (
				6E9548AD2911238200EF8C27 /* SignInView.swift */,
				6E9548A1291120C100EF8C27 /* SignUpView.swift */,
				6E9548A3291120EA00EF8C27 /* HomePageView.swift */,
				6E9548A52911210700EF8C27 /* TimeTableView.swift */,
				6E9548A72911212F00EF8C27 /* AddTimeTableView.swift */,
			);
			path = View;
			sourceTree = "<group>";
		};
/* End PBXGroup section */

/* Begin PBXNativeTarget section */
		6E954884290EF87600EF8C27 /* OmnilsApp */ = {
			isa = PBXNativeTarget;
			buildConfigurationList = 6E954893290EF87700EF8C27 /* Build configuration list for PBXNativeTarget "OmnilsApp" */;
			buildPhases = (
				6E954881290EF87600EF8C27 /* Sources */,
				6E954882290EF87600EF8C27 /* Frameworks */,
				6E954883290EF87600EF8C27 /* Resources */,
			);
			buildRules = (
			);
			dependencies = (
			);
			name = OmnilsApp;
			packageProductDependencies = (
				6E95489B290F061600EF8C27 /* FirebaseAuth */,
				6E95489D290F061600EF8C27 /* FirebaseFirestore */,
			);
			productName = OmnilsApp;
			productReference = 6E954885290EF87600EF8C27 /* OmnilsApp.app */;
			productType = "com.apple.product-type.application";
		};
/* End PBXNativeTarget section */

/* Begin PBXProject section */
		6E95487D290EF87600EF8C27 /* Project object */ = {
			isa = PBXProject;
			attributes = {
				BuildIndependentTargetsInParallel = 1;
				LastSwiftUpdateCheck = 1400;
				LastUpgradeCheck = 1400;
				TargetAttributes = {
					6E954884290EF87600EF8C27 = {
						CreatedOnToolsVersion = 14.0.1;
					};
				};
			};
			buildConfigurationList = 6E954880290EF87600EF8C27 /* Build configuration list for PBXProject "OmnilsApp" */;
			compatibilityVersion = "Xcode 14.0";
			developmentRegion = en;
			hasScannedForEncodings = 0;
			knownRegions = (
				en,
				Base,
			);
			mainGroup = 6E95487C290EF87600EF8C27;
			packageReferences = (
				6E95489A290F061600EF8C27 /* XCRemoteSwiftPackageReference "firebase-ios-sdk" */,
			);
			productRefGroup = 6E954886290EF87600EF8C27 /* Products */;
			projectDirPath = "";
			projectRoot = "";
			targets = (
				6E954884290EF87600EF8C27 /* OmnilsApp */,
			);
		};
/* End PBXProject section */

/* Begin PBXResourcesBuildPhase section */
		6E954883290EF87600EF8C27 /* Resources */ = {
			isa = PBXResourcesBuildPhase;
			buildActionMask = 2147483647;
			files = (
				6E954890290EF87700EF8C27 /* Preview Assets.xcassets in Resources */,
				6E95488D290EF87700EF8C27 /* Assets.xcassets in Resources */,
				6E954899290F046E00EF8C27 /* GoogleService-Info.plist in Resources */,
			);
			runOnlyForDeploymentPostprocessing = 0;
		};
/* End PBXResourcesBuildPhase section */

/* Begin PBXSourcesBuildPhase section */
		6E954881290EF87600EF8C27 /* Sources */ = {
			isa = PBXSourcesBuildPhase;
			buildActionMask = 2147483647;
			files = (
				6E9548A2291120C100EF8C27 /* SignUpView.swift in Sources */,
				6E9548A62911210700EF8C27 /* TimeTableView.swift in Sources */,
				6E95488B290EF87600EF8C27 /* ContentView.swift in Sources */,
				6E954889290EF87600EF8C27 /* OmnilsAppApp.swift in Sources */,
				6E9548A82911212F00EF8C27 /* AddTimeTableView.swift in Sources */,
				6E9548AE2911238200EF8C27 /* SignInView.swift in Sources */,
				6E8E83292918F0E900FCE880 /* PageRoute.swift in Sources */,
				6E9548A4291120EA00EF8C27 /* HomePageView.swift in Sources */,
			);
			runOnlyForDeploymentPostprocessing = 0;
		};
/* End PBXSourcesBuildPhase section */

/* Begin XCBuildConfiguration section */
		6E954891290EF87700EF8C27 /* Debug */ = {
			isa = XCBuildConfiguration;
			buildSettings = {
				ALWAYS_SEARCH_USER_PATHS = NO;
				CLANG_ANALYZER_NONNULL = YES;
				CLANG_ANALYZER_NUMBER_OBJECT_CONVERSION = YES_AGGRESSIVE;
				CLANG_CXX_LANGUAGE_STANDARD = "gnu++20";
				CLANG_ENABLE_MODULES = YES;
				CLANG_ENABLE_OBJC_ARC = YES;
				CLANG_ENABLE_OBJC_WEAK = YES;
				CLANG_WARN_BLOCK_CAPTURE_AUTORELEASING = YES;
				CLANG_WARN_BOOL_CONVERSION = YES;
				CLANG_WARN_COMMA = YES;
				CLANG_WARN_CONSTANT_CONVERSION = YES;
				CLANG_WARN_DEPRECATED_OBJC_IMPLEMENTATIONS = YES;
				CLANG_WARN_DIRECT_OBJC_ISA_USAGE = YES_ERROR;
				CLANG_WARN_DOCUMENTATION_COMMENTS = YES;
				CLANG_WARN_EMPTY_BODY = YES;
				CLANG_WARN_ENUM_CONVERSION = YES;
				CLANG_WARN_INFINITE_RECURSION = YES;
				CLANG_WARN_INT_CONVERSION = YES;
				CLANG_WARN_NON_LITERAL_NULL_CONVERSION = YES;
				CLANG_WARN_OBJC_IMPLICIT_RETAIN_SELF = YES;
				CLANG_WARN_OBJC_LITERAL_CONVERSION = YES;
				CLANG_WARN_OBJC_ROOT_CLASS = YES_ERROR;
				CLANG_WARN_QUOTED_INCLUDE_IN_FRAMEWORK_HEADER = YES;
				CLANG_WARN_RANGE_LOOP_ANALYSIS = YES;
				CLANG_WARN_STRICT_PROTOTYPES = YES;
				CLANG_WARN_SUSPICIOUS_MOVE = YES;
				CLANG_WARN_UNGUARDED_AVAILABILITY = YES_AGGRESSIVE;
				CLANG_WARN_UNREACHABLE_CODE = YES;
				CLANG_WARN__DUPLICATE_METHOD_MATCH = YES;
				COPY_PHASE_STRIP = NO;
				DEBUG_INFORMATION_FORMAT = dwarf;
				ENABLE_STRICT_OBJC_MSGSEND = YES;
				ENABLE_TESTABILITY = YES;
				GCC_C_LANGUAGE_STANDARD = gnu11;
				GCC_DYNAMIC_NO_PIC = NO;
				GCC_NO_COMMON_BLOCKS = YES;
				GCC_OPTIMIZATION_LEVEL = 0;
				GCC_PREPROCESSOR_DEFINITIONS = (
					"DEBUG=1",
					"$(inherited)",
				);
				GCC_WARN_64_TO_32_BIT_CONVERSION = YES;
				GCC_WARN_ABOUT_RETURN_TYPE = YES_ERROR;
				GCC_WARN_UNDECLARED_SELECTOR = YES;
				GCC_WARN_UNINITIALIZED_AUTOS = YES_AGGRESSIVE;
				GCC_WARN_UNUSED_FUNCTION = YES;
				GCC_WARN_UNUSED_VARIABLE = YES;
				IPHONEOS_DEPLOYMENT_TARGET = 16.0;
				MTL_ENABLE_DEBUG_INFO = INCLUDE_SOURCE;
				MTL_FAST_MATH = YES;
				ONLY_ACTIVE_ARCH = YES;
				SDKROOT = iphoneos;
				SWIFT_ACTIVE_COMPILATION_CONDITIONS = DEBUG;
				SWIFT_OPTIMIZATION_LEVEL = "-Onone";
			};
			name = Debug;
		};
		6E954892290EF87700EF8C27 /* Release */ = {
			isa = XCBuildConfiguration;
			buildSettings = {
				ALWAYS_SEARCH_USER_PATHS = NO;
				CLANG_ANALYZER_NONNULL = YES;
				CLANG_ANALYZER_NUMBER_OBJECT_CONVERSION = YES_AGGRESSIVE;
				CLANG_CXX_LANGUAGE_STANDARD = "gnu++20";
				CLANG_ENABLE_MODULES = YES;
				CLANG_ENABLE_OBJC_ARC = YES;
				CLANG_ENABLE_OBJC_WEAK = YES;
				CLANG_WARN_BLOCK_CAPTURE_AUTORELEASING = YES;
				CLANG_WARN_BOOL_CONVERSION = YES;
				CLANG_WARN_COMMA = YES;
				CLANG_WARN_CONSTANT_CONVERSION = YES;
				CLANG_WARN_DEPRECATED_OBJC_IMPLEMENTATIONS = YES;
				CLANG_WARN_DIRECT_OBJC_ISA_USAGE = YES_ERROR;
				CLANG_WARN_DOCUMENTATION_COMMENTS = YES;
				CLANG_WARN_EMPTY_BODY = YES;
				CLANG_WARN_ENUM_CONVERSION = YES;
				CLANG_WARN_INFINITE_RECURSION = YES;
				CLANG_WARN_INT_CONVERSION = YES;
				CLANG_WARN_NON_LITERAL_NULL_CONVERSION = YES;
				CLANG_WARN_OBJC_IMPLICIT_RETAIN_SELF = YES;
				CLANG_WARN_OBJC_LITERAL_CONVERSION = YES;
				CLANG_WARN_OBJC_ROOT_CLASS = YES_ERROR;
				CLANG_WARN_QUOTED_INCLUDE_IN_FRAMEWORK_HEADER = YES;
				CLANG_WARN_RANGE_LOOP_ANALYSIS = YES;
				CLANG_WARN_STRICT_PROTOTYPES = YES;
				CLANG_WARN_SUSPICIOUS_MOVE = YES;
				CLANG_WARN_UNGUARDED_AVAILABILITY = YES_AGGRESSIVE;
				CLANG_WARN_UNREACHABLE_CODE = YES;
				CLANG_WARN__DUPLICATE_METHOD_MATCH = YES;
				COPY_PHASE_STRIP = NO;
				DEBUG_INFORMATION_FORMAT = "dwarf-with-dsym";
				ENABLE_NS_ASSERTIONS = NO;
				ENABLE_STRICT_OBJC_MSGSEND = YES;
				GCC_C_LANGUAGE_STANDARD = gnu11;
				GCC_NO_COMMON_BLOCKS = YES;
				GCC_WARN_64_TO_32_BIT_CONVERSION = YES;
				GCC_WARN_ABOUT_RETURN_TYPE = YES_ERROR;
				GCC_WARN_UNDECLARED_SELECTOR = YES;
				GCC_WARN_UNINITIALIZED_AUTOS = YES_AGGRESSIVE;
				GCC_WARN_UNUSED_FUNCTION = YES;
				GCC_WARN_UNUSED_VARIABLE = YES;
				IPHONEOS_DEPLOYMENT_TARGET = 16.0;
				MTL_ENABLE_DEBUG_INFO = NO;
				MTL_FAST_MATH = YES;
				SDKROOT = iphoneos;
				SWIFT_COMPILATION_MODE = wholemodule;
				SWIFT_OPTIMIZATION_LEVEL = "-O";
				VALIDATE_PRODUCT = YES;
			};
			name = Release;
		};
		6E954894290EF87700EF8C27 /* Debug */ = {
			isa = XCBuildConfiguration;
			buildSettings = {
				ASSETCATALOG_COMPILER_APPICON_NAME = AppIcon;
				ASSETCATALOG_COMPILER_GLOBAL_ACCENT_COLOR_NAME = AccentColor;
				CODE_SIGN_STYLE = Automatic;
				CURRENT_PROJECT_VERSION = 1;
				DEVELOPMENT_ASSET_PATHS = "\"OmnilsApp/Preview Content\"";
				DEVELOPMENT_TEAM = KN4A5696Y6;
				ENABLE_PREVIEWS = YES;
				GENERATE_INFOPLIST_FILE = YES;
				INFOPLIST_KEY_CFBundleDisplayName = OmnilsApp;
				INFOPLIST_KEY_UIApplicationSceneManifest_Generation = YES;
				INFOPLIST_KEY_UIApplicationSupportsIndirectInputEvents = YES;
				INFOPLIST_KEY_UILaunchScreen_Generation = YES;
				INFOPLIST_KEY_UISupportedInterfaceOrientations_iPad = "UIInterfaceOrientationPortrait UIInterfaceOrientationPortraitUpsideDown UIInterfaceOrientationLandscapeLeft UIInterfaceOrientationLandscapeRight";
				INFOPLIST_KEY_UISupportedInterfaceOrientations_iPhone = "UIInterfaceOrientationPortrait UIInterfaceOrientationLandscapeLeft UIInterfaceOrientationLandscapeRight";
				LD_RUNPATH_SEARCH_PATHS = (
					"$(inherited)",
					"@executable_path/Frameworks",
				);
				MARKETING_VERSION = 1.0;
				PRODUCT_BUNDLE_IDENTIFIER = com.zannat.OmnilsApp;
				PRODUCT_NAME = "$(TARGET_NAME)";
				SWIFT_EMIT_LOC_STRINGS = YES;
				SWIFT_VERSION = 5.0;
				TARGETED_DEVICE_FAMILY = "1,2";
			};
			name = Debug;
		};
		6E954895290EF87700EF8C27 /* Release */ = {
			isa = XCBuildConfiguration;
			buildSettings = {
				ASSETCATALOG_COMPILER_APPICON_NAME = AppIcon;
				ASSETCATALOG_COMPILER_GLOBAL_ACCENT_COLOR_NAME = AccentColor;
				CODE_SIGN_STYLE = Automatic;
				CURRENT_PROJECT_VERSION = 1;
				DEVELOPMENT_ASSET_PATHS = "\"OmnilsApp/Preview Content\"";
				DEVELOPMENT_TEAM = KN4A5696Y6;
				ENABLE_PREVIEWS = YES;
				GENERATE_INFOPLIST_FILE = YES;
				INFOPLIST_KEY_CFBundleDisplayName = OmnilsApp;
				INFOPLIST_KEY_UIApplicationSceneManifest_Generation = YES;
				INFOPLIST_KEY_UIApplicationSupportsIndirectInputEvents = YES;
				INFOPLIST_KEY_UILaunchScreen_Generation = YES;
				INFOPLIST_KEY_UISupportedInterfaceOrientations_iPad = "UIInterfaceOrientationPortrait UIInterfaceOrientationPortraitUpsideDown UIInterfaceOrientationLandscapeLeft UIInterfaceOrientationLandscapeRight";
				INFOPLIST_KEY_UISupportedInterfaceOrientations_iPhone = "UIInterfaceOrientationPortrait UIInterfaceOrientationLandscapeLeft UIInterfaceOrientationLandscapeRight";
				LD_RUNPATH_SEARCH_PATHS = (
					"$(inherited)",
					"@executable_path/Frameworks",
				);
				MARKETING_VERSION = 1.0;
				PRODUCT_BUNDLE_IDENTIFIER = com.zannat.OmnilsApp;
				PRODUCT_NAME = "$(TARGET_NAME)";
				SWIFT_EMIT_LOC_STRINGS = YES;
				SWIFT_VERSION = 5.0;
				TARGETED_DEVICE_FAMILY = "1,2";
			};
			name = Release;
		};
/* End XCBuildConfiguration section */

/* Begin XCConfigurationList section */
		6E954880290EF87600EF8C27 /* Build configuration list for PBXProject "OmnilsApp" */ = {
			isa = XCConfigurationList;
			buildConfigurations = (
				6E954891290EF87700EF8C27 /* Debug */,
				6E954892290EF87700EF8C27 /* Release */,
			);
			defaultConfigurationIsVisible = 0;
			defaultConfigurationName = Release;
		};
		6E954893290EF87700EF8C27 /* Build configuration list for PBXNativeTarget "OmnilsApp" */ = {
			isa = XCConfigurationList;
			buildConfigurations = (
				6E954894290EF87700EF8C27 /* Debug */,
				6E954895290EF87700EF8C27 /* Release */,
			);
			defaultConfigurationIsVisible = 0;
			defaultConfigurationName = Release;
		};
/* End XCConfigurationList section */

/* Begin XCRemoteSwiftPackageReference section */
		6E95489A290F061600EF8C27 /* XCRemoteSwiftPackageReference "firebase-ios-sdk" */ = {
			isa = XCRemoteSwiftPackageReference;
			repositoryURL = "https://github.com/firebase/firebase-ios-sdk";
			requirement = {
				branch = master;
				kind = branch;
			};
		};
/* End XCRemoteSwiftPackageReference section */

/* Begin XCSwiftPackageProductDependency section */
		6E95489B290F061600EF8C27 /* FirebaseAuth */ = {
			isa = XCSwiftPackageProductDependency;
			package = 6E95489A290F061600EF8C27 /* XCRemoteSwiftPackageReference "firebase-ios-sdk" */;
			productName = FirebaseAuth;
		};
		6E95489D290F061600EF8C27 /* FirebaseFirestore */ = {
			isa = XCSwiftPackageProductDependency;
			package = 6E95489A290F061600EF8C27 /* XCRemoteSwiftPackageReference "firebase-ios-sdk" */;
			productName = FirebaseFirestore;
		};
/* End XCSwiftPackageProductDependency section */
	};
	rootObject = 6E95487D290EF87600EF8C27 /* Project object */;
}
